
Microsoft Visual Studio Solution File, Format Version 12.00
# Visual Studio Version 17
VisualStudioVersion = 17.1.32421.90
MinimumVisualStudioVersion = 10.0.40219.1
Project("{FAE04EC0-301F-11D3-BF4B-00C04F79EFBC}") = "CADateTime", "CADateTime\CADateTime.csproj", "{B09BCE59-7183-404A-B87D-D29863F2D852}"
EndProject
Global
	GlobalSection(SolutionConfigurationPlatforms) = preSolution
		Debug|Any CPU = Debug|Any CPU
		Release|Any CPU = Release|Any CPU
	EndGlobalSection
	GlobalSection(ProjectConfigurationPlatforms) = postSolution
		{B09BCE59-7183-404A-B87D-D29863F2D852}.Debug|Any CPU.ActiveCfg = Debug|Any CPU
		{B09BCE59-7183-404A-B87D-D29863F2D852}.Debug|Any CPU.Build.0 = Debug|Any CPU
		{B09BCE59-7183-404A-B87D-D29863F2D852}.Release|Any CPU.ActiveCfg = Release|Any CPU
		{B09BCE59-7183-404A-B87D-D29863F2D852}.Release|Any CPU.Build.0 = Release|Any CPU
	EndGlobalSection
	GlobalSection(SolutionProperties) = preSolution
		HideSolutionNode = FALSE
	EndGlobalSection
	GlobalSection(ExtensibilityGlobals) = postSolution
		SolutionGuid = {91053390-9B85-465F-8EA6-345E30DBC233}
	EndGlobalSection
EndGlobal
